
Microsoft Visual Studio Solution File, Format Version 12.00
# Visual Studio Version 17
VisualStudioVersion = 17.5.002.0
MinimumVisualStudioVersion = 10.0.40219.1
Project("{9A19103F-16F7-4668-BE54-9A1E7A4F7556}") = "TodoApi", "TodoApi.csproj", "{73621DA6-8B55-487F-87FD-813953206779}"
EndProject
Global
	GlobalSection(SolutionConfigurationPlatforms) = preSolution
		Debug|Any CPU = Debug|Any CPU
		Release|Any CPU = Release|Any CPU
	EndGlobalSection
	GlobalSection(ProjectConfigurationPlatforms) = postSolution
		{73621DA6-8B55-487F-87FD-813953206779}.Debug|Any CPU.ActiveCfg = Debug|Any CPU
		{73621DA6-8B55-487F-87FD-813953206779}.Debug|Any CPU.Build.0 = Debug|Any CPU
		{73621DA6-8B55-487F-87FD-813953206779}.Release|Any CPU.ActiveCfg = Release|Any CPU
		{73621DA6-8B55-487F-87FD-813953206779}.Release|Any CPU.Build.0 = Release|Any CPU
	EndGlobalSection
	GlobalSection(SolutionProperties) = preSolution
		HideSolutionNode = FALSE
	EndGlobalSection
	GlobalSection(ExtensibilityGlobals) = postSolution
		SolutionGuid = {62117648-F4D7-410A-B908-6B050C271739}
	EndGlobalSection
EndGlobal
